<?xml version="1.0" encoding="utf-8"?>
<Project ToolsVersion="4.0" xmlns="http://schemas.microsoft.com/developer/msbuild/2003">
  <ItemGroup>
    <Filter Include="00 Framework">
      <UniqueIdentifier>{acf8c4ec-d4bb-4a20-8f21-affd26fc05ae}</UniqueIdentifier>
    </Filter>
    <Filter Include="00 Framework\03 IO">
      <UniqueIdentifier>{4a008e02-c32d-47da-80ac-1999a400608a}</UniqueIdentifier>
    </Filter>
    <Filter Include="00 Framework\00 Misc">
      <UniqueIdentifier>{b0b3aeda-b490-4acf-b6b5-7417b36aeac0}</UniqueIdentifier>
    </Filter>
    <Filter Include="00 Framework\01 Thread">
      <UniqueIdentifier>{e3af581f-cd18-4cfd-aa34-1c1612f6c149}</UniqueIdentifier>
    </Filter>
    <Filter Include="00 Framework\02 DS">
      <UniqueIdentifier>{ff4f7146-4fbf-4bfe-ba32-44db0d2e0622}</UniqueIdentifier>
    </Filter>
    <Filter Include="01 Interface">
      <UniqueIdentifier>{6b00b9a0-ad49-4bd5-a7ba-a62cb7ef9881}</UniqueIdentifier>
    </Filter>
    <Filter Include="02 Misc">
      <UniqueIdentifier>{4FC737F1-C7A5-4376-A066-2A32D752A2FF}</UniqueIdentifier>
      <Extensions>cpp;c;cc;cxx;def;odl;idl;hpj;bat;asm;asmx</Extensions>
    </Filter>
  </ItemGroup>
  <ItemGroup>
    <ClCompile Include="main.cpp">
      <Filter>02 Misc</Filter>
    </ClCompile>
    <ClCompile Include="IO_Manager.cpp">
      <Filter>00 Framework\03 IO</Filter>
    </ClCompile>
    <ClCompile Include="Find_subset.cpp">
      <Filter>00 Framework\03 IO</Filter>
    </ClCompile>
    <ClCompile Include="network_data.cpp">
      <Filter>00 Framework\02 DS</Filter>
    </ClCompile>
    <ClCompile Include="Algorithms.cpp">
      <Filter>01 Interface</Filter>
    </ClCompile>
    <ClCompile Include="ThreadManager.cpp">
      <Filter>00 Framework\01 Thread</Filter>
    </ClCompile>
  </ItemGroup>
  <ItemGroup>
    <ClInclude Include="IO_Manager.h">
      <Filter>00 Framework\03 IO</Filter>
    </ClInclude>
    <ClInclude Include="Utilities.h">
      <Filter>00 Framework\00 Misc</Filter>
    </ClInclude>
    <ClInclude Include="Header.h">
      <Filter>00 Framework\00 Misc</Filter>
    </ClInclude>
    <ClInclude Include="ThreadManager.h">
      <Filter>00 Framework\01 Thread</Filter>
    </ClInclude>
    <ClInclude Include="ThreadManager.ipp">
      <Filter>00 Framework\01 Thread</Filter>
    </ClInclude>
    <ClInclude Include="network_data.h">
      <Filter>00 Framework\02 DS</Filter>
    </ClInclude>
    <ClInclude Include="Algorithms.h">
      <Filter>01 Interface</Filter>
    </ClInclude>
    <ClInclude Include="Relation_array.h">
      <Filter>00 Framework\02 DS</Filter>
    </ClInclude>
  </ItemGroup>
</Project>